
Microsoft Visual Studio Solution File, Format Version 12.00
# Visual Studio Version 17
VisualStudioVersion = 17.7.34221.43
MinimumVisualStudioVersion = 10.0.40219.1
Project("{9A19103F-16F7-4668-BE54-9A1E7A4F7556}") = "Caching GitHub Api", "Caching GitHub Api.csproj", "{5CE12F7D-4EE7-4A12-87BA-1654210B2F94}"
EndProject
Project("{9A19103F-16F7-4668-BE54-9A1E7A4F7556}") = "Services", "..\Services\Services.csproj", "{AC9B957B-DEDB-4E12-BE73-C254ED334770}"
EndProject
Project("{FAE04EC0-301F-11D3-BF4B-00C04F79EFBC}") = "Entities", "..\Entities\Entities.csproj", "{AAC4AC9C-A8A6-4566-BD95-92C79746EE88}"
EndProject
Global
	GlobalSection(SolutionConfigurationPlatforms) = preSolution
		Debug|Any CPU = Debug|Any CPU
		Release|Any CPU = Release|Any CPU
	EndGlobalSection
	GlobalSection(ProjectConfigurationPlatforms) = postSolution
		{5CE12F7D-4EE7-4A12-87BA-1654210B2F94}.Debug|Any CPU.ActiveCfg = Debug|Any CPU
		{5CE12F7D-4EE7-4A12-87BA-1654210B2F94}.Debug|Any CPU.Build.0 = Debug|Any CPU
		{5CE12F7D-4EE7-4A12-87BA-1654210B2F94}.Release|Any CPU.ActiveCfg = Release|Any CPU
		{5CE12F7D-4EE7-4A12-87BA-1654210B2F94}.Release|Any CPU.Build.0 = Release|Any CPU
		{AC9B957B-DEDB-4E12-BE73-C254ED334770}.Debug|Any CPU.ActiveCfg = Debug|Any CPU
		{AC9B957B-DEDB-4E12-BE73-C254ED334770}.Debug|Any CPU.Build.0 = Debug|Any CPU
		{AC9B957B-DEDB-4E12-BE73-C254ED334770}.Release|Any CPU.ActiveCfg = Release|Any CPU
		{AC9B957B-DEDB-4E12-BE73-C254ED334770}.Release|Any CPU.Build.0 = Release|Any CPU
		{AAC4AC9C-A8A6-4566-BD95-92C79746EE88}.Debug|Any CPU.ActiveCfg = Debug|Any CPU
		{AAC4AC9C-A8A6-4566-BD95-92C79746EE88}.Debug|Any CPU.Build.0 = Debug|Any CPU
		{AAC4AC9C-A8A6-4566-BD95-92C79746EE88}.Release|Any CPU.ActiveCfg = Release|Any CPU
		{AAC4AC9C-A8A6-4566-BD95-92C79746EE88}.Release|Any CPU.Build.0 = Release|Any CPU
	EndGlobalSection
	GlobalSection(SolutionProperties) = preSolution
		HideSolutionNode = FALSE
	EndGlobalSection
	GlobalSection(ExtensibilityGlobals) = postSolution
		SolutionGuid = {FAA13245-BFF5-4E96-9E95-354629317020}
	EndGlobalSection
EndGlobal
